
Microsoft Visual Studio Solution File, Format Version 12.00
# Visual Studio Version 16
VisualStudioVersion = 16.0.31729.503
MinimumVisualStudioVersion = 10.0.40219.1
Project("{9A19103F-16F7-4668-BE54-9A1E7A4F7556}") = "shopping-backend", "shopping-backend\shopping-backend.csproj", "{360543CE-E67B-488A-A879-EF2EF7E31763}"
EndProject
Project("{9A19103F-16F7-4668-BE54-9A1E7A4F7556}") = "Data", "Data\Data.csproj", "{7F983196-CEBD-49EB-9F4D-5EF44E1CA386}"
EndProject
Project("{9A19103F-16F7-4668-BE54-9A1E7A4F7556}") = "Services", "Services\Services.csproj", "{C09392FD-21F6-48C0-BDE3-931E6F418964}"
EndProject
Global
	GlobalSection(SolutionConfigurationPlatforms) = preSolution
		Debug|Any CPU = Debug|Any CPU
		Release|Any CPU = Release|Any CPU
	EndGlobalSection
	GlobalSection(ProjectConfigurationPlatforms) = postSolution
		{360543CE-E67B-488A-A879-EF2EF7E31763}.Debug|Any CPU.ActiveCfg = Debug|Any CPU
		{360543CE-E67B-488A-A879-EF2EF7E31763}.Debug|Any CPU.Build.0 = Debug|Any CPU
		{360543CE-E67B-488A-A879-EF2EF7E31763}.Release|Any CPU.ActiveCfg = Release|Any CPU
		{360543CE-E67B-488A-A879-EF2EF7E31763}.Release|Any CPU.Build.0 = Release|Any CPU
		{7F983196-CEBD-49EB-9F4D-5EF44E1CA386}.Debug|Any CPU.ActiveCfg = Debug|Any CPU
		{7F983196-CEBD-49EB-9F4D-5EF44E1CA386}.Debug|Any CPU.Build.0 = Debug|Any CPU
		{7F983196-CEBD-49EB-9F4D-5EF44E1CA386}.Release|Any CPU.ActiveCfg = Release|Any CPU
		{7F983196-CEBD-49EB-9F4D-5EF44E1CA386}.Release|Any CPU.Build.0 = Release|Any CPU
		{C09392FD-21F6-48C0-BDE3-931E6F418964}.Debug|Any CPU.ActiveCfg = Debug|Any CPU
		{C09392FD-21F6-48C0-BDE3-931E6F418964}.Debug|Any CPU.Build.0 = Debug|Any CPU
		{C09392FD-21F6-48C0-BDE3-931E6F418964}.Release|Any CPU.ActiveCfg = Release|Any CPU
		{C09392FD-21F6-48C0-BDE3-931E6F418964}.Release|Any CPU.Build.0 = Release|Any CPU
	EndGlobalSection
	GlobalSection(SolutionProperties) = preSolution
		HideSolutionNode = FALSE
	EndGlobalSection
	GlobalSection(ExtensibilityGlobals) = postSolution
		SolutionGuid = {67A5D141-8E35-480D-BD13-B4DAE0208D24}
	EndGlobalSection
EndGlobal
